github.com/gethinode/hinode/v2 v2.6.0 h1:oTU3QsELrV4/s0Ui56MxD7sr5YhpnXAioJpz1CtDlkE=
github.com/gethinode/hinode/v2 v2.6.0/go.mod h1:EMaFL0IrTfC9/RG7IADUuAWe0dAXMhQo3UOJ04bZGHk=
github.com/gethinode/mod-blocks v1.21.0 h1:PJnFiLAQysREjyDdc8LRIvcWgbdrLDWh/33E23H7n0k=
github.com/gethinode/mod-blocks v1.21.0/go.mod h1:J5pThiZWwFsaYypOs+PXGJKWJ9DZ/USqRETM1bIxfXk=
